
Microsoft Visual Studio Solution File, Format Version 12.00
# Visual Studio 15
VisualStudioVersion = 15.0.28307.1000
MinimumVisualStudioVersion = 10.0.40219.1
Project("{9A19103F-16F7-4668-BE54-9A1E7A4F7556}") = "Approach2", "Approach2\Approach2.csproj", "{5AD04744-0996-4FF5-AA4B-D33A910B664D}"
EndProject
Global
	GlobalSection(SolutionConfigurationPlatforms) = preSolution
		Debug|Any CPU = Debug|Any CPU
		Release|Any CPU = Release|Any CPU
	EndGlobalSection
	GlobalSection(ProjectConfigurationPlatforms) = postSolution
		{5AD04744-0996-4FF5-AA4B-D33A910B664D}.Debug|Any CPU.ActiveCfg = Debug|Any CPU
		{5AD04744-0996-4FF5-AA4B-D33A910B664D}.Debug|Any CPU.Build.0 = Debug|Any CPU
		{5AD04744-0996-4FF5-AA4B-D33A910B664D}.Release|Any CPU.ActiveCfg = Release|Any CPU
		{5AD04744-0996-4FF5-AA4B-D33A910B664D}.Release|Any CPU.Build.0 = Release|Any CPU
	EndGlobalSection
	GlobalSection(SolutionProperties) = preSolution
		HideSolutionNode = FALSE
	EndGlobalSection
	GlobalSection(ExtensibilityGlobals) = postSolution
		SolutionGuid = {B250A87F-1BFB-4F2C-8383-8907B176A9DE}
	EndGlobalSection
EndGlobal
